
Microsoft Visual Studio Solution File, Format Version 12.00
# Visual Studio Version 16
VisualStudioVersion = 16.0.29411.108
MinimumVisualStudioVersion = 10.0.40219.1
Project("{9A19103F-16F7-4668-BE54-9A1E7A4F7556}") = "NHystrix", "src\NHystrix\NHystrix.csproj", "{FDABFB7D-6A2C-44BC-9D0E-6A6214357471}"
EndProject
Project("{9A19103F-16F7-4668-BE54-9A1E7A4F7556}") = "ConsoleApp", "examples\ConsoleApp\ConsoleApp.csproj", "{F3E4E8A6-5BC8-4F90-86D8-69F0362FC89E}"
EndProject
Project("{9A19103F-16F7-4668-BE54-9A1E7A4F7556}") = "NHystrix.Tests", "tests\NHystrix.Tests\NHystrix.Tests.csproj", "{CA494265-A2F7-43E6-B9BA-BC6BEEF1A3BA}"
EndProject
Project("{9A19103F-16F7-4668-BE54-9A1E7A4F7556}") = "WebApp", "examples\WebApp\WebApp.csproj", "{657C6EBF-FFC8-48E2-8791-764038EF9376}"
EndProject
Project("{FAE04EC0-301F-11D3-BF4B-00C04F79EFBC}") = "NHystrix.Net452.Tests", "tests\NHystrix.Net452.Tests\NHystrix.Net452.Tests.csproj", "{957D2D9C-2F3C-4F1F-BF77-7E6A999C2F2E}"
EndProject
Project("{FAE04EC0-301F-11D3-BF4B-00C04F79EFBC}") = "NHystrix.Net461.Tests", "tests\NHyistrix.Net461.Tests\NHystrix.Net461.Tests.csproj", "{B12AEC64-F8D1-4DF4-8E45-AB338C170AEC}"
EndProject
Project("{FAE04EC0-301F-11D3-BF4B-00C04F79EFBC}") = "NHystrix.NetCore3.Tests", "tests\NHystrix.NetCore3.Tests\NHystrix.NetCore3.Tests.csproj", "{A9A74D72-4ED8-4713-BD0C-BCD1D24A65D3}"
EndProject
Project("{2150E333-8FDC-42A3-9474-1A3956D46DE8}") = "tests", "tests", "{92884E19-451E-4FA9-8C08-ACCBB3E9F2B3}"
EndProject
Project("{2150E333-8FDC-42A3-9474-1A3956D46DE8}") = "examples", "examples", "{D1223E8D-41DA-47BB-816A-0FAE403CFCB1}"
EndProject
Global
	GlobalSection(SolutionConfigurationPlatforms) = preSolution
		Debug|Any CPU = Debug|Any CPU
		Release|Any CPU = Release|Any CPU
	EndGlobalSection
	GlobalSection(ProjectConfigurationPlatforms) = postSolution
		{FDABFB7D-6A2C-44BC-9D0E-6A6214357471}.Debug|Any CPU.ActiveCfg = Debug|Any CPU
		{FDABFB7D-6A2C-44BC-9D0E-6A6214357471}.Debug|Any CPU.Build.0 = Debug|Any CPU
		{FDABFB7D-6A2C-44BC-9D0E-6A6214357471}.Release|Any CPU.ActiveCfg = Release|Any CPU
		{FDABFB7D-6A2C-44BC-9D0E-6A6214357471}.Release|Any CPU.Build.0 = Release|Any CPU
		{F3E4E8A6-5BC8-4F90-86D8-69F0362FC89E}.Debug|Any CPU.ActiveCfg = Debug|Any CPU
		{F3E4E8A6-5BC8-4F90-86D8-69F0362FC89E}.Debug|Any CPU.Build.0 = Debug|Any CPU
		{F3E4E8A6-5BC8-4F90-86D8-69F0362FC89E}.Release|Any CPU.ActiveCfg = Release|Any CPU
		{F3E4E8A6-5BC8-4F90-86D8-69F0362FC89E}.Release|Any CPU.Build.0 = Release|Any CPU
		{CA494265-A2F7-43E6-B9BA-BC6BEEF1A3BA}.Debug|Any CPU.ActiveCfg = Debug|Any CPU
		{CA494265-A2F7-43E6-B9BA-BC6BEEF1A3BA}.Debug|Any CPU.Build.0 = Debug|Any CPU
		{CA494265-A2F7-43E6-B9BA-BC6BEEF1A3BA}.Release|Any CPU.ActiveCfg = Release|Any CPU
		{CA494265-A2F7-43E6-B9BA-BC6BEEF1A3BA}.Release|Any CPU.Build.0 = Release|Any CPU
		{657C6EBF-FFC8-48E2-8791-764038EF9376}.Debug|Any CPU.ActiveCfg = Debug|Any CPU
		{657C6EBF-FFC8-48E2-8791-764038EF9376}.Debug|Any CPU.Build.0 = Debug|Any CPU
		{657C6EBF-FFC8-48E2-8791-764038EF9376}.Release|Any CPU.ActiveCfg = Release|Any CPU
		{657C6EBF-FFC8-48E2-8791-764038EF9376}.Release|Any CPU.Build.0 = Release|Any CPU
		{957D2D9C-2F3C-4F1F-BF77-7E6A999C2F2E}.Debug|Any CPU.ActiveCfg = Debug|Any CPU
		{957D2D9C-2F3C-4F1F-BF77-7E6A999C2F2E}.Debug|Any CPU.Build.0 = Debug|Any CPU
		{957D2D9C-2F3C-4F1F-BF77-7E6A999C2F2E}.Release|Any CPU.ActiveCfg = Release|Any CPU
		{957D2D9C-2F3C-4F1F-BF77-7E6A999C2F2E}.Release|Any CPU.Build.0 = Release|Any CPU
		{B12AEC64-F8D1-4DF4-8E45-AB338C170AEC}.Debug|Any CPU.ActiveCfg = Debug|Any CPU
		{B12AEC64-F8D1-4DF4-8E45-AB338C170AEC}.Debug|Any CPU.Build.0 = Debug|Any CPU
		{B12AEC64-F8D1-4DF4-8E45-AB338C170AEC}.Release|Any CPU.ActiveCfg = Release|Any CPU
		{B12AEC64-F8D1-4DF4-8E45-AB338C170AEC}.Release|Any CPU.Build.0 = Release|Any CPU
		{A9A74D72-4ED8-4713-BD0C-BCD1D24A65D3}.Debug|Any CPU.ActiveCfg = Debug|Any CPU
		{A9A74D72-4ED8-4713-BD0C-BCD1D24A65D3}.Debug|Any CPU.Build.0 = Debug|Any CPU
		{A9A74D72-4ED8-4713-BD0C-BCD1D24A65D3}.Release|Any CPU.ActiveCfg = Release|Any CPU
		{A9A74D72-4ED8-4713-BD0C-BCD1D24A65D3}.Release|Any CPU.Build.0 = Release|Any CPU
	EndGlobalSection
	GlobalSection(SolutionProperties) = preSolution
		HideSolutionNode = FALSE
	EndGlobalSection
	GlobalSection(NestedProjects) = preSolution
		{F3E4E8A6-5BC8-4F90-86D8-69F0362FC89E} = {D1223E8D-41DA-47BB-816A-0FAE403CFCB1}
		{CA494265-A2F7-43E6-B9BA-BC6BEEF1A3BA} = {92884E19-451E-4FA9-8C08-ACCBB3E9F2B3}
		{657C6EBF-FFC8-48E2-8791-764038EF9376} = {D1223E8D-41DA-47BB-816A-0FAE403CFCB1}
		{957D2D9C-2F3C-4F1F-BF77-7E6A999C2F2E} = {92884E19-451E-4FA9-8C08-ACCBB3E9F2B3}
		{B12AEC64-F8D1-4DF4-8E45-AB338C170AEC} = {92884E19-451E-4FA9-8C08-ACCBB3E9F2B3}
		{A9A74D72-4ED8-4713-BD0C-BCD1D24A65D3} = {92884E19-451E-4FA9-8C08-ACCBB3E9F2B3}
	EndGlobalSection
	GlobalSection(ExtensibilityGlobals) = postSolution
		SolutionGuid = {D81E6405-6FF0-444D-8DA7-B921809D2B63}
	EndGlobalSection
EndGlobal
